PODS:
  - Alamofire (4.4.0)
  - BlocksKit/DynamicDelegate (2.2.5)
  - Bolts (1.8.4):
    - Bolts/AppLinks (= 1.8.4)
    - Bolts/Tasks (= 1.8.4)
  - Bolts/AppLinks (1.8.4):
    - Bolts/Tasks
  - Bolts/Tasks (1.8.4)
  - Emitter (0.0.9):
    - BlocksKit/DynamicDelegate
  - FacebookCore (0.2.0):
    - Bolts (~> 1.8)
    - FBSDKCoreKit (~> 4.15)
  - FacebookLogin (0.2.0):
    - Bolts (~> 1.8)
    - FacebookCore (~> 0.2)
    - FBSDKCoreKit (~> 4.15)
    - FBSDKLoginKit (~> 4.15)
  - FacebookShare (0.2.0):
    - Bolts (~> 1.8)
    - FacebookCore (~> 0.2)
    - FBSDKCoreKit (~> 4.15)
    - FBSDKShareKit (~> 4.15)
  - FBSDKCoreKit (4.20.0):
    - Bolts (~> 1.7)
  - FBSDKLoginKit (4.20.0):
    - FBSDKCoreKit
  - FBSDKShareKit (4.20.0):
    - FBSDKCoreKit
  - PromiseKit (4.1.7):
    - PromiseKit/Foundation (= 4.1.7)
    - PromiseKit/QuartzCore (= 4.1.7)
    - PromiseKit/UIKit (= 4.1.7)
  - PromiseKit/CorePromise (4.1.7)
  - PromiseKit/Foundation (4.1.7):
    - PromiseKit/CorePromise
  - PromiseKit/QuartzCore (4.1.7):
    - PromiseKit/CorePromise
  - PromiseKit/UIKit (4.1.7):
    - PromiseKit/CorePromise
  - RAMAnimatedTabBarController (2.0.13)
  - SDWebImage (4.0.0):
    - SDWebImage/Core (= 4.0.0)
  - SDWebImage/Core (4.0.0)
  - SKPhotoBrowser (4.0.1)
  - SocketIO (0.0.1):
    - Emitter
  - SwiftyJSON (3.1.4)

DEPENDENCIES:
  - Alamofire (~> 4.4)
  - FacebookCore
  - FacebookLogin
  - FacebookShare
  - PromiseKit (~> 4.0)
  - RAMAnimatedTabBarController (~> 2.0.13)
  - SDWebImage (~> 4.0.0)
  - SKPhotoBrowser (~> 4.0.1)
  - SocketIO
  - SwiftyJSON (~> 3.1.4)

SPEC CHECKSUMS:
  Alamofire: dc44b1600b800eb63da6a19039a0083d62a6a62d
  BlocksKit: 7f422b971407001178d181a43b99014ea2591fe6
  Bolts: 8a7995239dbe724f9cba2248b766d48b7ebdd322
  Emitter: cf50bf44fc8817535018fbd6c4fd576b87803e78
  FacebookCore: 2cb3f0fbff218e9d3119cec84bae983b232412de
  FacebookLogin: c9d606504735780a9e3002465a615512e0a691a5
  FacebookShare: 8e9ee8ea06505e6a1d3d719b0cc63e840fb8aaeb
  FBSDKCoreKit: 2d16979b28fe28c2b95af0d275ad5f9703c6c8de
  FBSDKLoginKit: a9d9391506c687e2304a590bf9312837fce7f375
  FBSDKShareKit: 1b91af62a603d67f392bc7fde63bc4a0705dde31
  PromiseKit: 779f2e41faf62d854e7593026ddbcb0bb5c5002d
  RAMAnimatedTabBarController: 2510f3b66954c3f77ea1042a35d34df8f5f3b604
  SDWebImage: 76a6348bdc74eb5a55dd08a091ef298e56b55e41
  SKPhotoBrowser: 3a7c6fc02aa1620ab17253a47a49fafda46536e8
  SocketIO: 52f4b693419f30f831ac567dc306575384128920
  SwiftyJSON: c2842d878f95482ffceec5709abc3d05680c0220

PODFILE CHECKSUM: 3a38ba1b2e8a356de48b636517e162e84a53295b

COCOAPODS: 1.2.0
