// !$*UTF8*$!
{
	archiveVersion = 1;
	classes = {
	};
	objectVersion = 46;
	objects = {

/* Begin PBXBuildFile section */
		046A3EAA1E72C8AD00657429 /* Constant.swift in Sources */ = {isa = PBXBuildFile; fileRef = 046A3EA71E72C8AD00657429 /* Constant.swift */; };
		046A3EAB1E72C8AD00657429 /* InternetStatus.swift in Sources */ = {isa = PBXBuildFile; fileRef = 046A3EA81E72C8AD00657429 /* InternetStatus.swift */; };
		046A3EAC1E72C8AD00657429 /* SearchManager.swift in Sources */ = {isa = PBXBuildFile; fileRef = 046A3EA91E72C8AD00657429 /* SearchManager.swift */; };
		046A3EAE1E72C8C500657429 /* Book.swift in Sources */ = {isa = PBXBuildFile; fileRef = 046A3EAD1E72C8C500657429 /* Book.swift */; };
		046A3EB51E72D96D00657429 /* HHFavorView.xib in Resources */ = {isa = PBXBuildFile; fileRef = 046A3EB31E72D96D00657429 /* HHFavorView.xib */; };
		046A3EB71E72D98E00657429 /* HHFavorView.swift in Sources */ = {isa = PBXBuildFile; fileRef = 046A3EB61E72D98E00657429 /* HHFavorView.swift */; };
		046A3EBB1E72E0F300657429 /* HHRecentTableViewCell.swift in Sources */ = {isa = PBXBuildFile; fileRef = 046A3EB91E72E0F300657429 /* HHRecentTableViewCell.swift */; };
		046A3EBC1E72E0F300657429 /* HHRecentTableViewCell.xib in Resources */ = {isa = PBXBuildFile; fileRef = 046A3EBA1E72E0F300657429 /* HHRecentTableViewCell.xib */; };
		046A3EC21E72EEC700657429 /* HHSearchViews.xib in Resources */ = {isa = PBXBuildFile; fileRef = 046A3EC01E72EEC700657429 /* HHSearchViews.xib */; };
		046A3EC41E72EEEE00657429 /* HHSearchViews.swift in Sources */ = {isa = PBXBuildFile; fileRef = 046A3EC31E72EEEE00657429 /* HHSearchViews.swift */; };
		046A3ECA1E7309C200657429 /* HHSearchViewController.swift in Sources */ = {isa = PBXBuildFile; fileRef = 046A3EC91E7309C200657429 /* HHSearchViewController.swift */; };
		04D2F78C1E72C5180033A434 /* AppDelegate.swift in Sources */ = {isa = PBXBuildFile; fileRef = 04D2F78B1E72C5180033A434 /* AppDelegate.swift */; };
		04D2F7911E72C5180033A434 /* Main.storyboard in Resources */ = {isa = PBXBuildFile; fileRef = 04D2F78F1E72C5180033A434 /* Main.storyboard */; };
		04D2F7931E72C5180033A434 /* Assets.xcassets in Resources */ = {isa = PBXBuildFile; fileRef = 04D2F7921E72C5180033A434 /* Assets.xcassets */; };
		04D2F7961E72C5180033A434 /* LaunchScreen.storyboard in Resources */ = {isa = PBXBuildFile; fileRef = 04D2F7941E72C5180033A434 /* LaunchScreen.storyboard */; };
		04F01FB31E7312F300304491 /* HHRecentSearchBookTableViewCell.swift in Sources */ = {isa = PBXBuildFile; fileRef = 04F01FB11E7312F300304491 /* HHRecentSearchBookTableViewCell.swift */; };
		04F01FB41E7312F300304491 /* HHRecentSearchBookTableViewCell.xib in Resources */ = {isa = PBXBuildFile; fileRef = 04F01FB21E7312F300304491 /* HHRecentSearchBookTableViewCell.xib */; };
		04F01FB81E732C3C00304491 /* HHBookCollectionViewCell.swift in Sources */ = {isa = PBXBuildFile; fileRef = 04F01FB61E732C3C00304491 /* HHBookCollectionViewCell.swift */; };
		04F01FB91E732C3C00304491 /* HHBookCollectionViewCell.xib in Resources */ = {isa = PBXBuildFile; fileRef = 04F01FB71E732C3C00304491 /* HHBookCollectionViewCell.xib */; };
		04F01FBF1E73BCCD00304491 /* HHHomeView.swift in Sources */ = {isa = PBXBuildFile; fileRef = 04F01FBD1E73BCCD00304491 /* HHHomeView.swift */; };
		04F01FC01E73BCCD00304491 /* HHHomeView.xib in Resources */ = {isa = PBXBuildFile; fileRef = 04F01FBE1E73BCCD00304491 /* HHHomeView.xib */; };
		492DF3731E73B21900C50983 /* HHReadingViewController.swift in Sources */ = {isa = PBXBuildFile; fileRef = 492DF3721E73B21900C50983 /* HHReadingViewController.swift */; };
		4942EC9E1E73399400DCC3ED /* API.swift in Sources */ = {isa = PBXBuildFile; fileRef = 4942EC9D1E73399400DCC3ED /* API.swift */; };
		4942ECC81E7373DA00DCC3ED /* Debug.swift in Sources */ = {isa = PBXBuildFile; fileRef = 4942ECC71E7373DA00DCC3ED /* Debug.swift */; };
		51928FB61A68053AE4C05B23 /* Pods_VManga.framework in Frameworks */ = {isa = PBXBuildFile; fileRef = 908961B10D2D01A6B67B3F44 /* Pods_VManga.framework */; };
/* End PBXBuildFile section */

/* Begin PBXFileReference section */
		046A3EA71E72C8AD00657429 /* Constant.swift */ = {isa = PBXFileReference; fileEncoding = 4; lastKnownFileType = sourcecode.swift; path = Constant.swift; sourceTree = "<group>"; };
		046A3EA81E72C8AD00657429 /* InternetStatus.swift */ = {isa = PBXFileReference; fileEncoding = 4; lastKnownFileType = sourcecode.swift; path = InternetStatus.swift; sourceTree = "<group>"; };
		046A3EA91E72C8AD00657429 /* SearchManager.swift */ = {isa = PBXFileReference; fileEncoding = 4; lastKnownFileType = sourcecode.swift; path = SearchManager.swift; sourceTree = "<group>"; };
		046A3EAD1E72C8C500657429 /* Book.swift */ = {isa = PBXFileReference; fileEncoding = 4; lastKnownFileType = sourcecode.swift; name = Book.swift; path = Model/Book.swift; sourceTree = "<group>"; };
		046A3EB31E72D96D00657429 /* HHFavorView.xib */ = {isa = PBXFileReference; fileEncoding = 4; lastKnownFileType = file.xib; name = HHFavorView.xib; path = Views/FavorViews/HHFavorView.xib; sourceTree = "<group>"; };
		046A3EB61E72D98E00657429 /* HHFavorView.swift */ = {isa = PBXFileReference; fileEncoding = 4; lastKnownFileType = sourcecode.swift; name = HHFavorView.swift; path = Views/FavorViews/HHFavorView.swift; sourceTree = "<group>"; };
		046A3EB91E72E0F300657429 /* HHRecentTableViewCell.swift */ = {isa = PBXFileReference; fileEncoding = 4; lastKnownFileType = sourcecode.swift; name = HHRecentTableViewCell.swift; path = Views/RecentViews/HHRecentTableViewCell.swift; sourceTree = "<group>"; };
		046A3EBA1E72E0F300657429 /* HHRecentTableViewCell.xib */ = {isa = PBXFileReference; fileEncoding = 4; lastKnownFileType = file.xib; name = HHRecentTableViewCell.xib; path = Views/RecentViews/HHRecentTableViewCell.xib; sourceTree = "<group>"; };
		046A3EC01E72EEC700657429 /* HHSearchViews.xib */ = {isa = PBXFileReference; fileEncoding = 4; lastKnownFileType = file.xib; name = HHSearchViews.xib; path = Views/SearchViews/HHSearchViews.xib; sourceTree = "<group>"; };
		046A3EC31E72EEEE00657429 /* HHSearchViews.swift */ = {isa = PBXFileReference; fileEncoding = 4; lastKnownFileType = sourcecode.swift; name = HHSearchViews.swift; path = Views/SearchViews/HHSearchViews.swift; sourceTree = "<group>"; };
		046A3EC91E7309C200657429 /* HHSearchViewController.swift */ = {isa = PBXFileReference; fileEncoding = 4; lastKnownFileType = sourcecode.swift; name = HHSearchViewController.swift; path = Controller/SearchController/HHSearchViewController.swift; sourceTree = "<group>"; };
		04D2F7881E72C5180033A434 /* VManga.app */ = {isa = PBXFileReference; explicitFileType = wrapper.application; includeInIndex = 0; path = VManga.app; sourceTree = BUILT_PRODUCTS_DIR; };
		04D2F78B1E72C5180033A434 /* AppDelegate.swift */ = {isa = PBXFileReference; lastKnownFileType = sourcecode.swift; path = AppDelegate.swift; sourceTree = "<group>"; };
		04D2F7901E72C5180033A434 /* Base */ = {isa = PBXFileReference; lastKnownFileType = file.storyboard; name = Base; path = Base.lproj/Main.storyboard; sourceTree = "<group>"; };
		04D2F7921E72C5180033A434 /* Assets.xcassets */ = {isa = PBXFileReference; lastKnownFileType = folder.assetcatalog; path = Assets.xcassets; sourceTree = "<group>"; };
		04D2F7951E72C5180033A434 /* Base */ = {isa = PBXFileReference; lastKnownFileType = file.storyboard; name = Base; path = Base.lproj/LaunchScreen.storyboard; sourceTree = "<group>"; };
		04D2F7971E72C5180033A434 /* Info.plist */ = {isa = PBXFileReference; lastKnownFileType = text.plist.xml; path = Info.plist; sourceTree = "<group>"; };
		04F01FB11E7312F300304491 /* HHRecentSearchBookTableViewCell.swift */ = {isa = PBXFileReference; fileEncoding = 4; lastKnownFileType = sourcecode.swift; name = HHRecentSearchBookTableViewCell.swift; path = Views/SearchViews/RecentSearchBookViews/HHRecentSearchBookTableViewCell.swift; sourceTree = "<group>"; };
		04F01FB21E7312F300304491 /* HHRecentSearchBookTableViewCell.xib */ = {isa = PBXFileReference; fileEncoding = 4; lastKnownFileType = file.xib; name = HHRecentSearchBookTableViewCell.xib; path = Views/SearchViews/RecentSearchBookViews/HHRecentSearchBookTableViewCell.xib; sourceTree = "<group>"; };
		04F01FB61E732C3C00304491 /* HHBookCollectionViewCell.swift */ = {isa = PBXFileReference; fileEncoding = 4; lastKnownFileType = sourcecode.swift; name = HHBookCollectionViewCell.swift; path = Views/BookCollection/HHBookCollectionViewCell.swift; sourceTree = "<group>"; };
		04F01FB71E732C3C00304491 /* HHBookCollectionViewCell.xib */ = {isa = PBXFileReference; fileEncoding = 4; lastKnownFileType = file.xib; name = HHBookCollectionViewCell.xib; path = Views/BookCollection/HHBookCollectionViewCell.xib; sourceTree = "<group>"; };
		04F01FBD1E73BCCD00304491 /* HHHomeView.swift */ = {isa = PBXFileReference; fileEncoding = 4; lastKnownFileType = sourcecode.swift; name = HHHomeView.swift; path = Views/HomeView/HHHomeView.swift; sourceTree = "<group>"; };
		04F01FBE1E73BCCD00304491 /* HHHomeView.xib */ = {isa = PBXFileReference; fileEncoding = 4; lastKnownFileType = file.xib; name = HHHomeView.xib; path = Views/HomeView/HHHomeView.xib; sourceTree = "<group>"; };
		492DF3721E73B21900C50983 /* HHReadingViewController.swift */ = {isa = PBXFileReference; fileEncoding = 4; lastKnownFileType = sourcecode.swift; path = HHReadingViewController.swift; sourceTree = "<group>"; };
		4942EC9D1E73399400DCC3ED /* API.swift */ = {isa = PBXFileReference; fileEncoding = 4; lastKnownFileType = sourcecode.swift; path = API.swift; sourceTree = "<group>"; };
		4942ECC71E7373DA00DCC3ED /* Debug.swift */ = {isa = PBXFileReference; fileEncoding = 4; lastKnownFileType = sourcecode.swift; path = Debug.swift; sourceTree = "<group>"; };
		79FDE8EB6E4375DDA8802328 /* Pods-VManga.release.xcconfig */ = {isa = PBXFileReference; includeInIndex = 1; lastKnownFileType = text.xcconfig; name = "Pods-VManga.release.xcconfig"; path = "Pods/Target Support Files/Pods-VManga/Pods-VManga.release.xcconfig"; sourceTree = "<group>"; };
		908961B10D2D01A6B67B3F44 /* Pods_VManga.framework */ = {isa = PBXFileReference; explicitFileType = wrapper.framework; includeInIndex = 0; path = Pods_VManga.framework; sourceTree = BUILT_PRODUCTS_DIR; };
		D0F917A3E4DDC141D9A9D795 /* Pods-VManga.debug.xcconfig */ = {isa = PBXFileReference; includeInIndex = 1; lastKnownFileType = text.xcconfig; name = "Pods-VManga.debug.xcconfig"; path = "Pods/Target Support Files/Pods-VManga/Pods-VManga.debug.xcconfig"; sourceTree = "<group>"; };
		E80E38B8AB9D979F09A6EB55 /* Pods-VMangaTests.debug.xcconfig */ = {isa = PBXFileReference; includeInIndex = 1; lastKnownFileType = text.xcconfig; name = "Pods-VMangaTests.debug.xcconfig"; path = "Pods/Target Support Files/Pods-VMangaTests/Pods-VMangaTests.debug.xcconfig"; sourceTree = "<group>"; };
		F4527BE5A8BCAE036621FE3D /* Pods-VMangaTests.release.xcconfig */ = {isa = PBXFileReference; includeInIndex = 1; lastKnownFileType = text.xcconfig; name = "Pods-VMangaTests.release.xcconfig"; path = "Pods/Target Support Files/Pods-VMangaTests/Pods-VMangaTests.release.xcconfig"; sourceTree = "<group>"; };
		FEB3337BD642C2A3FD9117AA /* Pods_VMangaTests.framework */ = {isa = PBXFileReference; explicitFileType = wrapper.framework; includeInIndex = 0; path = Pods_VMangaTests.framework; sourceTree = BUILT_PRODUCTS_DIR; };
/* End PBXFileReference section */

/* Begin PBXFrameworksBuildPhase section */
		04D2F7851E72C5180033A434 /* Frameworks */ = {
			isa = PBXFrameworksBuildPhase;
			buildActionMask = 2147483647;
			files = (
				51928FB61A68053AE4C05B23 /* Pods_VManga.framework in Frameworks */,
			);
			runOnlyForDeploymentPostprocessing = 0;
		};
/* End PBXFrameworksBuildPhase section */

/* Begin PBXGroup section */
		046A3EA61E72C8AD00657429 /* DataManager */ = {
			isa = PBXGroup;
			children = (
				046A3EA71E72C8AD00657429 /* Constant.swift */,
				046A3EA81E72C8AD00657429 /* InternetStatus.swift */,
				046A3EA91E72C8AD00657429 /* SearchManager.swift */,
				4942EC9D1E73399400DCC3ED /* API.swift */,
			);
			path = DataManager;
			sourceTree = "<group>";
		};
		046A3EAF1E72C8CD00657429 /* Model */ = {
			isa = PBXGroup;
			children = (
				046A3EAD1E72C8C500657429 /* Book.swift */,
			);
			name = Model;
			sourceTree = "<group>";
		};
		046A3EB01E72C8D700657429 /* Views */ = {
			isa = PBXGroup;
			children = (
				04F01FBA1E73B9CC00304491 /* HomeView */,
				04F01FB51E732C0800304491 /* BookCollection */,
				046A3EBE1E72EE9200657429 /* SearchViews */,
				046A3EB81E72DCA200657429 /* RecentViews */,
				046A3EB11E72D91700657429 /* FavorViews */,
			);
			name = Views;
			sourceTree = "<group>";
		};
		046A3EB11E72D91700657429 /* FavorViews */ = {
			isa = PBXGroup;
			children = (
				046A3EB31E72D96D00657429 /* HHFavorView.xib */,
				046A3EB61E72D98E00657429 /* HHFavorView.swift */,
			);
			name = FavorViews;
			sourceTree = "<group>";
		};
		046A3EB81E72DCA200657429 /* RecentViews */ = {
			isa = PBXGroup;
			children = (
				046A3EB91E72E0F300657429 /* HHRecentTableViewCell.swift */,
				046A3EBA1E72E0F300657429 /* HHRecentTableViewCell.xib */,
			);
			name = RecentViews;
			sourceTree = "<group>";
		};
		046A3EBE1E72EE9200657429 /* SearchViews */ = {
			isa = PBXGroup;
			children = (
				04F01FB01E7312B300304491 /* RecentSearchBookViews */,
				046A3EC01E72EEC700657429 /* HHSearchViews.xib */,
				046A3EC31E72EEEE00657429 /* HHSearchViews.swift */,
			);
			name = SearchViews;
			sourceTree = "<group>";
		};
		046A3EC51E72FC9F00657429 /* Controller */ = {
			isa = PBXGroup;
			children = (
				492DF3711E73B20100C50983 /* ReadingController */,
				046A3EC61E72FCA700657429 /* SearchController */,
			);
			name = Controller;
			sourceTree = "<group>";
		};
		046A3EC61E72FCA700657429 /* SearchController */ = {
			isa = PBXGroup;
			children = (
				046A3EC91E7309C200657429 /* HHSearchViewController.swift */,
			);
			name = SearchController;
			sourceTree = "<group>";
		};
		04D2F77F1E72C5180033A434 = {
			isa = PBXGroup;
			children = (
				04D2F78A1E72C5180033A434 /* VManga */,
				04D2F7891E72C5180033A434 /* Products */,
				ED40CD7FB9D5EECB53F50375 /* Pods */,
				B37FB90AC392FEF256FC6A1C /* Frameworks */,
			);
			sourceTree = "<group>";
		};
		04D2F7891E72C5180033A434 /* Products */ = {
			isa = PBXGroup;
			children = (
				04D2F7881E72C5180033A434 /* VManga.app */,
			);
			name = Products;
			sourceTree = "<group>";
		};
		04D2F78A1E72C5180033A434 /* VManga */ = {
			isa = PBXGroup;
			children = (
				046A3EC51E72FC9F00657429 /* Controller */,
				046A3EB01E72C8D700657429 /* Views */,
				046A3EAF1E72C8CD00657429 /* Model */,
				046A3EA61E72C8AD00657429 /* DataManager */,
				04D2F78B1E72C5180033A434 /* AppDelegate.swift */,
				4942ECC71E7373DA00DCC3ED /* Debug.swift */,
				04D2F78F1E72C5180033A434 /* Main.storyboard */,
				04D2F7921E72C5180033A434 /* Assets.xcassets */,
				04D2F7941E72C5180033A434 /* LaunchScreen.storyboard */,
				04D2F7971E72C5180033A434 /* Info.plist */,
			);
			path = VManga;
			sourceTree = "<group>";
		};
		04F01FB01E7312B300304491 /* RecentSearchBookViews */ = {
			isa = PBXGroup;
			children = (
				04F01FB11E7312F300304491 /* HHRecentSearchBookTableViewCell.swift */,
				04F01FB21E7312F300304491 /* HHRecentSearchBookTableViewCell.xib */,
			);
			name = RecentSearchBookViews;
			sourceTree = "<group>";
		};
		04F01FB51E732C0800304491 /* BookCollection */ = {
			isa = PBXGroup;
			children = (
				04F01FB61E732C3C00304491 /* HHBookCollectionViewCell.swift */,
				04F01FB71E732C3C00304491 /* HHBookCollectionViewCell.xib */,
			);
			name = BookCollection;
			sourceTree = "<group>";
		};
		04F01FBA1E73B9CC00304491 /* HomeView */ = {
			isa = PBXGroup;
			children = (
				04F01FBD1E73BCCD00304491 /* HHHomeView.swift */,
				04F01FBE1E73BCCD00304491 /* HHHomeView.xib */,
			);
			name = HomeView;
			sourceTree = "<group>";
		};
		492DF3711E73B20100C50983 /* ReadingController */ = {
			isa = PBXGroup;
			children = (
				492DF3721E73B21900C50983 /* HHReadingViewController.swift */,
			);
			name = ReadingController;
			sourceTree = "<group>";
		};
		B37FB90AC392FEF256FC6A1C /* Frameworks */ = {
			isa = PBXGroup;
			children = (
				908961B10D2D01A6B67B3F44 /* Pods_VManga.framework */,
				FEB3337BD642C2A3FD9117AA /* Pods_VMangaTests.framework */,
			);
			name = Frameworks;
			sourceTree = "<group>";
		};
		ED40CD7FB9D5EECB53F50375 /* Pods */ = {
			isa = PBXGroup;
			children = (
				D0F917A3E4DDC141D9A9D795 /* Pods-VManga.debug.xcconfig */,
				79FDE8EB6E4375DDA8802328 /* Pods-VManga.release.xcconfig */,
				E80E38B8AB9D979F09A6EB55 /* Pods-VMangaTests.debug.xcconfig */,
				F4527BE5A8BCAE036621FE3D /* Pods-VMangaTests.release.xcconfig */,
			);
			name = Pods;
			sourceTree = "<group>";
		};
/* End PBXGroup section */

/* Begin PBXNativeTarget section */
		04D2F7871E72C5180033A434 /* VManga */ = {
			isa = PBXNativeTarget;
			buildConfigurationList = 04D2F79A1E72C5180033A434 /* Build configuration list for PBXNativeTarget "VManga" */;
			buildPhases = (
				A391BD9E24843982E88C61BA /* [CP] Check Pods Manifest.lock */,
				04D2F7841E72C5180033A434 /* Sources */,
				04D2F7851E72C5180033A434 /* Frameworks */,
				04D2F7861E72C5180033A434 /* Resources */,
				D125EEE8319FA3DD9B005284 /* [CP] Embed Pods Frameworks */,
				1C26B26FCFB4C2469874704F /* [CP] Copy Pods Resources */,
			);
			buildRules = (
			);
			dependencies = (
			);
			name = VManga;
			productName = VManga;
			productReference = 04D2F7881E72C5180033A434 /* VManga.app */;
			productType = "com.apple.product-type.application";
		};
/* End PBXNativeTarget section */

/* Begin PBXProject section */
		04D2F7801E72C5180033A434 /* Project object */ = {
			isa = PBXProject;
			attributes = {
				CLASSPREFIX = HH;
				LastSwiftUpdateCheck = 0820;
				LastUpgradeCheck = 0820;
				ORGANIZATIONNAME = mac;
				TargetAttributes = {
					04D2F7871E72C5180033A434 = {
						CreatedOnToolsVersion = 8.2.1;
						DevelopmentTeam = FAZH6E59JU;
						ProvisioningStyle = Automatic;
					};
				};
			};
			buildConfigurationList = 04D2F7831E72C5180033A434 /* Build configuration list for PBXProject "VManga" */;
			compatibilityVersion = "Xcode 3.2";
			developmentRegion = English;
			hasScannedForEncodings = 0;
			knownRegions = (
				en,
				Base,
			);
			mainGroup = 04D2F77F1E72C5180033A434;
			productRefGroup = 04D2F7891E72C5180033A434 /* Products */;
			projectDirPath = "";
			projectRoot = "";
			targets = (
				04D2F7871E72C5180033A434 /* VManga */,
			);
		};
/* End PBXProject section */

/* Begin PBXResourcesBuildPhase section */
		04D2F7861E72C5180033A434 /* Resources */ = {
			isa = PBXResourcesBuildPhase;
			buildActionMask = 2147483647;
			files = (
				04F01FC01E73BCCD00304491 /* HHHomeView.xib in Resources */,
				046A3EC21E72EEC700657429 /* HHSearchViews.xib in Resources */,
				04D2F7961E72C5180033A434 /* LaunchScreen.storyboard in Resources */,
				04F01FB41E7312F300304491 /* HHRecentSearchBookTableViewCell.xib in Resources */,
				046A3EBC1E72E0F300657429 /* HHRecentTableViewCell.xib in Resources */,
				046A3EB51E72D96D00657429 /* HHFavorView.xib in Resources */,
				04D2F7931E72C5180033A434 /* Assets.xcassets in Resources */,
				04D2F7911E72C5180033A434 /* Main.storyboard in Resources */,
				04F01FB91E732C3C00304491 /* HHBookCollectionViewCell.xib in Resources */,
			);
			runOnlyForDeploymentPostprocessing = 0;
		};
/* End PBXResourcesBuildPhase section */

/* Begin PBXShellScriptBuildPhase section */
		1C26B26FCFB4C2469874704F /* [CP] Copy Pods Resources */ = {
			isa = PBXShellScriptBuildPhase;
			buildActionMask = 2147483647;
			files = (
			);
			inputPaths = (
			);
			name = "[CP] Copy Pods Resources";
			outputPaths = (
			);
			runOnlyForDeploymentPostprocessing = 0;
			shellPath = /bin/sh;
			shellScript = "\"${SRCROOT}/Pods/Target Support Files/Pods-VManga/Pods-VManga-resources.sh\"\n";
			showEnvVarsInLog = 0;
		};
		A391BD9E24843982E88C61BA /* [CP] Check Pods Manifest.lock */ = {
			isa = PBXShellScriptBuildPhase;
			buildActionMask = 2147483647;
			files = (
			);
			inputPaths = (
			);
			name = "[CP] Check Pods Manifest.lock";
			outputPaths = (
			);
			runOnlyForDeploymentPostprocessing = 0;
			shellPath = /bin/sh;
			shellScript = "diff \"${PODS_ROOT}/../Podfile.lock\" \"${PODS_ROOT}/Manifest.lock\" > /dev/null\nif [ $? != 0 ] ; then\n    # print error to STDERR\n    echo \"error: The sandbox is not in sync with the Podfile.lock. Run 'pod install' or update your CocoaPods installation.\" >&2\n    exit 1\nfi\n";
			showEnvVarsInLog = 0;
		};
		D125EEE8319FA3DD9B005284 /* [CP] Embed Pods Frameworks */ = {
			isa = PBXShellScriptBuildPhase;
			buildActionMask = 2147483647;
			files = (
			);
			inputPaths = (
			);
			name = "[CP] Embed Pods Frameworks";
			outputPaths = (
			);
			runOnlyForDeploymentPostprocessing = 0;
			shellPath = /bin/sh;
			shellScript = "\"${SRCROOT}/Pods/Target Support Files/Pods-VManga/Pods-VManga-frameworks.sh\"\n";
			showEnvVarsInLog = 0;
		};
/* End PBXShellScriptBuildPhase section */

/* Begin PBXSourcesBuildPhase section */
		04D2F7841E72C5180033A434 /* Sources */ = {
			isa = PBXSourcesBuildPhase;
			buildActionMask = 2147483647;
			files = (
				04F01FB81E732C3C00304491 /* HHBookCollectionViewCell.swift in Sources */,
				046A3EBB1E72E0F300657429 /* HHRecentTableViewCell.swift in Sources */,
				046A3EAB1E72C8AD00657429 /* InternetStatus.swift in Sources */,
				046A3ECA1E7309C200657429 /* HHSearchViewController.swift in Sources */,
				046A3EC41E72EEEE00657429 /* HHSearchViews.swift in Sources */,
				046A3EAE1E72C8C500657429 /* Book.swift in Sources */,
				4942ECC81E7373DA00DCC3ED /* Debug.swift in Sources */,
				046A3EAC1E72C8AD00657429 /* SearchManager.swift in Sources */,
				04F01FBF1E73BCCD00304491 /* HHHomeView.swift in Sources */,
				04D2F78C1E72C5180033A434 /* AppDelegate.swift in Sources */,
				046A3EAA1E72C8AD00657429 /* Constant.swift in Sources */,
				046A3EB71E72D98E00657429 /* HHFavorView.swift in Sources */,
				4942EC9E1E73399400DCC3ED /* API.swift in Sources */,
				492DF3731E73B21900C50983 /* HHReadingViewController.swift in Sources */,
				04F01FB31E7312F300304491 /* HHRecentSearchBookTableViewCell.swift in Sources */,
			);
			runOnlyForDeploymentPostprocessing = 0;
		};
/* End PBXSourcesBuildPhase section */

/* Begin PBXVariantGroup section */
		04D2F78F1E72C5180033A434 /* Main.storyboard */ = {
			isa = PBXVariantGroup;
			children = (
				04D2F7901E72C5180033A434 /* Base */,
			);
			name = Main.storyboard;
			sourceTree = "<group>";
		};
		04D2F7941E72C5180033A434 /* LaunchScreen.storyboard */ = {
			isa = PBXVariantGroup;
			children = (
				04D2F7951E72C5180033A434 /* Base */,
			);
			name = LaunchScreen.storyboard;
			sourceTree = "<group>";
		};
/* End PBXVariantGroup section */

/* Begin XCBuildConfiguration section */
		04D2F7981E72C5180033A434 /* Debug */ = {
			isa = XCBuildConfiguration;
			buildSettings = {
				ALWAYS_SEARCH_USER_PATHS = NO;
				CLANG_ANALYZER_NONNULL = YES;
				CLANG_CXX_LANGUAGE_STANDARD = "gnu++0x";
				CLANG_CXX_LIBRARY = "libc++";
				CLANG_ENABLE_MODULES = YES;
				CLANG_ENABLE_OBJC_ARC = YES;
				CLANG_WARN_BOOL_CONVERSION = YES;
				CLANG_WARN_CONSTANT_CONVERSION = YES;
				CLANG_WARN_DIRECT_OBJC_ISA_USAGE = YES_ERROR;
				CLANG_WARN_DOCUMENTATION_COMMENTS = YES;
				CLANG_WARN_EMPTY_BODY = YES;
				CLANG_WARN_ENUM_CONVERSION = YES;
				CLANG_WARN_INFINITE_RECURSION = YES;
				CLANG_WARN_INT_CONVERSION = YES;
				CLANG_WARN_OBJC_ROOT_CLASS = YES_ERROR;
				CLANG_WARN_SUSPICIOUS_MOVE = YES;
				CLANG_WARN_UNREACHABLE_CODE = YES;
				CLANG_WARN__DUPLICATE_METHOD_MATCH = YES;
				"CODE_SIGN_IDENTITY[sdk=iphoneos*]" = "iPhone Developer";
				COPY_PHASE_STRIP = NO;
				DEBUG_INFORMATION_FORMAT = dwarf;
				ENABLE_STRICT_OBJC_MSGSEND = YES;
				ENABLE_TESTABILITY = YES;
				GCC_C_LANGUAGE_STANDARD = gnu99;
				GCC_DYNAMIC_NO_PIC = NO;
				GCC_NO_COMMON_BLOCKS = YES;
				GCC_OPTIMIZATION_LEVEL = 0;
				GCC_PREPROCESSOR_DEFINITIONS = (
					"DEBUG=1",
					"$(inherited)",
				);
				GCC_WARN_64_TO_32_BIT_CONVERSION = YES;
				GCC_WARN_ABOUT_RETURN_TYPE = YES_ERROR;
				GCC_WARN_UNDECLARED_SELECTOR = YES;
				GCC_WARN_UNINITIALIZED_AUTOS = YES_AGGRESSIVE;
				GCC_WARN_UNUSED_FUNCTION = YES;
				GCC_WARN_UNUSED_VARIABLE = YES;
				IPHONEOS_DEPLOYMENT_TARGET = 10.2;
				MTL_ENABLE_DEBUG_INFO = YES;
				ONLY_ACTIVE_ARCH = YES;
				SDKROOT = iphoneos;
				SWIFT_ACTIVE_COMPILATION_CONDITIONS = DEBUG;
				SWIFT_OPTIMIZATION_LEVEL = "-Onone";
				TARGETED_DEVICE_FAMILY = "1,2";
			};
			name = Debug;
		};
		04D2F7991E72C5180033A434 /* Release */ = {
			isa = XCBuildConfiguration;
			buildSettings = {
				ALWAYS_SEARCH_USER_PATHS = NO;
				CLANG_ANALYZER_NONNULL = YES;
				CLANG_CXX_LANGUAGE_STANDARD = "gnu++0x";
				CLANG_CXX_LIBRARY = "libc++";
				CLANG_ENABLE_MODULES = YES;
				CLANG_ENABLE_OBJC_ARC = YES;
				CLANG_WARN_BOOL_CONVERSION = YES;
				CLANG_WARN_CONSTANT_CONVERSION = YES;
				CLANG_WARN_DIRECT_OBJC_ISA_USAGE = YES_ERROR;
				CLANG_WARN_DOCUMENTATION_COMMENTS = YES;
				CLANG_WARN_EMPTY_BODY = YES;
				CLANG_WARN_ENUM_CONVERSION = YES;
				CLANG_WARN_INFINITE_RECURSION = YES;
				CLANG_WARN_INT_CONVERSION = YES;
				CLANG_WARN_OBJC_ROOT_CLASS = YES_ERROR;
				CLANG_WARN_SUSPICIOUS_MOVE = YES;
				CLANG_WARN_UNREACHABLE_CODE = YES;
				CLANG_WARN__DUPLICATE_METHOD_MATCH = YES;
				"CODE_SIGN_IDENTITY[sdk=iphoneos*]" = "iPhone Developer";
				COPY_PHASE_STRIP = NO;
				DEBUG_INFORMATION_FORMAT = "dwarf-with-dsym";
				ENABLE_NS_ASSERTIONS = NO;
				ENABLE_STRICT_OBJC_MSGSEND = YES;
				GCC_C_LANGUAGE_STANDARD = gnu99;
				GCC_NO_COMMON_BLOCKS = YES;
				GCC_WARN_64_TO_32_BIT_CONVERSION = YES;
				GCC_WARN_ABOUT_RETURN_TYPE = YES_ERROR;
				GCC_WARN_UNDECLARED_SELECTOR = YES;
				GCC_WARN_UNINITIALIZED_AUTOS = YES_AGGRESSIVE;
				GCC_WARN_UNUSED_FUNCTION = YES;
				GCC_WARN_UNUSED_VARIABLE = YES;
				IPHONEOS_DEPLOYMENT_TARGET = 10.2;
				MTL_ENABLE_DEBUG_INFO = NO;
				SDKROOT = iphoneos;
				SWIFT_OPTIMIZATION_LEVEL = "-Owholemodule";
				TARGETED_DEVICE_FAMILY = "1,2";
				VALIDATE_PRODUCT = YES;
			};
			name = Release;
		};
		04D2F79B1E72C5180033A434 /* Debug */ = {
			isa = XCBuildConfiguration;
			baseConfigurationReference = D0F917A3E4DDC141D9A9D795 /* Pods-VManga.debug.xcconfig */;
			buildSettings = {
				ASSETCATALOG_COMPILER_APPICON_NAME = AppIcon;
				DEFINES_MODULE = YES;
				DEVELOPMENT_TEAM = FAZH6E59JU;
				INFOPLIST_FILE = VManga/Info.plist;
				LD_RUNPATH_SEARCH_PATHS = "$(inherited) @executable_path/Frameworks";
				PRODUCT_BUNDLE_IDENTIFIER = ga.hohoanghiep.VManga;
				PRODUCT_NAME = "$(TARGET_NAME)";
				SWIFT_VERSION = 3.0;
			};
			name = Debug;
		};
		04D2F79C1E72C5180033A434 /* Release */ = {
			isa = XCBuildConfiguration;
			baseConfigurationReference = 79FDE8EB6E4375DDA8802328 /* Pods-VManga.release.xcconfig */;
			buildSettings = {
				ASSETCATALOG_COMPILER_APPICON_NAME = AppIcon;
				DEFINES_MODULE = YES;
				DEVELOPMENT_TEAM = FAZH6E59JU;
				INFOPLIST_FILE = VManga/Info.plist;
				LD_RUNPATH_SEARCH_PATHS = "$(inherited) @executable_path/Frameworks";
				PRODUCT_BUNDLE_IDENTIFIER = ga.hohoanghiep.VManga;
				PRODUCT_NAME = "$(TARGET_NAME)";
				SWIFT_VERSION = 3.0;
			};
			name = Release;
		};
/* End XCBuildConfiguration section */

/* Begin XCConfigurationList section */
		04D2F7831E72C5180033A434 /* Build configuration list for PBXProject "VManga" */ = {
			isa = XCConfigurationList;
			buildConfigurations = (
				04D2F7981E72C5180033A434 /* Debug */,
				04D2F7991E72C5180033A434 /* Release */,
			);
			defaultConfigurationIsVisible = 0;
			defaultConfigurationName = Release;
		};
		04D2F79A1E72C5180033A434 /* Build configuration list for PBXNativeTarget "VManga" */ = {
			isa = XCConfigurationList;
			buildConfigurations = (
				04D2F79B1E72C5180033A434 /* Debug */,
				04D2F79C1E72C5180033A434 /* Release */,
			);
			defaultConfigurationIsVisible = 0;
			defaultConfigurationName = Release;
		};
/* End XCConfigurationList section */
	};
	rootObject = 04D2F7801E72C5180033A434 /* Project object */;
}
